
Microsoft Visual Studio Solution File, Format Version 12.00
# Visual Studio Version 17
VisualStudioVersion = 17.2.32602.215
MinimumVisualStudioVersion = 10.0.40219.1
Project("{FAE04EC0-301F-11D3-BF4B-00C04F79EFBC}") = "adaptPlayer", "adaptPlayer.csproj", "{0CB52846-740B-47CB-B3E6-F32EC9D4CC28}"
EndProject
Global
	GlobalSection(SolutionConfigurationPlatforms) = preSolution
		Debug|Any CPU = Debug|Any CPU
		Release|Any CPU = Release|Any CPU
	EndGlobalSection
	GlobalSection(ProjectConfigurationPlatforms) = postSolution
		{0CB52846-740B-47CB-B3E6-F32EC9D4CC28}.Debug|Any CPU.ActiveCfg = Debug|Any CPU
		{0CB52846-740B-47CB-B3E6-F32EC9D4CC28}.Debug|Any CPU.Build.0 = Debug|Any CPU
		{0CB52846-740B-47CB-B3E6-F32EC9D4CC28}.Release|Any CPU.ActiveCfg = Release|Any CPU
		{0CB52846-740B-47CB-B3E6-F32EC9D4CC28}.Release|Any CPU.Build.0 = Release|Any CPU
	EndGlobalSection
	GlobalSection(SolutionProperties) = preSolution
		HideSolutionNode = FALSE
	EndGlobalSection
	GlobalSection(ExtensibilityGlobals) = postSolution
		SolutionGuid = {72A83198-6D21-44FB-9BB0-60B9B0B3CE37}
	EndGlobalSection
EndGlobal
